// !$*UTF8*$!
{
	archiveVersion = 1;
	classes = {
	};
	objectVersion = 46;
	objects = {

/* Begin PBXBuildFile section */
		177FE0661CCE3D7900B260CE /* main.m in Sources */ = {isa = PBXBuildFile; fileRef = 177FE0651CCE3D7900B260CE /* main.m */; };
		177FE0691CCE3D7900B260CE /* AppDelegate.m in Sources */ = {isa = PBXBuildFile; fileRef = 177FE0681CCE3D7900B260CE /* AppDelegate.m */; };
		177FE0711CCE3D7900B260CE /* Assets.xcassets in Resources */ = {isa = PBXBuildFile; fileRef = 177FE0701CCE3D7900B260CE /* Assets.xcassets */; };
		177FE0741CCE3D7900B260CE /* LaunchScreen.storyboard in Resources */ = {isa = PBXBuildFile; fileRef = 177FE0721CCE3D7900B260CE /* LaunchScreen.storyboard */; };
		177FE0C31CCE4E1900B260CE /* XYDatabase.m in Sources */ = {isa = PBXBuildFile; fileRef = 177FE0C01CCE4E1900B260CE /* XYDatabase.m */; };
		177FE0C41CCE4E1900B260CE /* XYDBManager.m in Sources */ = {isa = PBXBuildFile; fileRef = 177FE0C21CCE4E1900B260CE /* XYDBManager.m */; };
		177FE0CA1CCE4E9A00B260CE /* XYDataViewController.m in Sources */ = {isa = PBXBuildFile; fileRef = 177FE0C91CCE4E9A00B260CE /* XYDataViewController.m */; };
		177FE0CE1CCE4EFC00B260CE /* libsqlite3.tbd in Frameworks */ = {isa = PBXBuildFile; fileRef = 177FE0CD1CCE4EFC00B260CE /* libsqlite3.tbd */; };
		177FE0D11CCE528A00B260CE /* XYDataModel.m in Sources */ = {isa = PBXBuildFile; fileRef = 177FE0D01CCE528A00B260CE /* XYDataModel.m */; };
		177FE0D41CCE52C000B260CE /* XYDataCell.m in Sources */ = {isa = PBXBuildFile; fileRef = 177FE0D31CCE52C000B260CE /* XYDataCell.m */; };
		177FE0D71CCE5E9D00B260CE /* XYUpdateController.m in Sources */ = {isa = PBXBuildFile; fileRef = 177FE0D61CCE5E9D00B260CE /* XYUpdateController.m */; };
		177FE0DA1CCE6C7100B260CE /* XYSelectController.m in Sources */ = {isa = PBXBuildFile; fileRef = 177FE0D91CCE6C7100B260CE /* XYSelectController.m */; };
/* End PBXBuildFile section */

/* Begin PBXFileReference section */
		177FE0611CCE3D7900B260CE /* XYDatabaseDemo.app */ = {isa = PBXFileReference; explicitFileType = wrapper.application; includeInIndex = 0; path = XYDatabaseDemo.app; sourceTree = BUILT_PRODUCTS_DIR; };
		177FE0651CCE3D7900B260CE /* main.m */ = {isa = PBXFileReference; lastKnownFileType = sourcecode.c.objc; path = main.m; sourceTree = "<group>"; };
		177FE0671CCE3D7900B260CE /* AppDelegate.h */ = {isa = PBXFileReference; lastKnownFileType = sourcecode.c.h; path = AppDelegate.h; sourceTree = "<group>"; };
		177FE0681CCE3D7900B260CE /* AppDelegate.m */ = {isa = PBXFileReference; lastKnownFileType = sourcecode.c.objc; path = AppDelegate.m; sourceTree = "<group>"; };
		177FE0701CCE3D7900B260CE /* Assets.xcassets */ = {isa = PBXFileReference; lastKnownFileType = folder.assetcatalog; path = Assets.xcassets; sourceTree = "<group>"; };
		177FE0731CCE3D7900B260CE /* Base */ = {isa = PBXFileReference; lastKnownFileType = file.storyboard; name = Base; path = Base.lproj/LaunchScreen.storyboard; sourceTree = "<group>"; };
		177FE0751CCE3D7900B260CE /* Info.plist */ = {isa = PBXFileReference; lastKnownFileType = text.plist.xml; path = Info.plist; sourceTree = "<group>"; };
		177FE0BF1CCE4E1900B260CE /* XYDatabase.h */ = {isa = PBXFileReference; fileEncoding = 4; lastKnownFileType = sourcecode.c.h; path = XYDatabase.h; sourceTree = "<group>"; };
		177FE0C01CCE4E1900B260CE /* XYDatabase.m */ = {isa = PBXFileReference; fileEncoding = 4; lastKnownFileType = sourcecode.c.objc; path = XYDatabase.m; sourceTree = "<group>"; };
		177FE0C11CCE4E1900B260CE /* XYDBManager.h */ = {isa = PBXFileReference; fileEncoding = 4; lastKnownFileType = sourcecode.c.h; path = XYDBManager.h; sourceTree = "<group>"; };
		177FE0C21CCE4E1900B260CE /* XYDBManager.m */ = {isa = PBXFileReference; fileEncoding = 4; lastKnownFileType = sourcecode.c.objc; path = XYDBManager.m; sourceTree = "<group>"; };
		177FE0C81CCE4E9A00B260CE /* XYDataViewController.h */ = {isa = PBXFileReference; fileEncoding = 4; lastKnownFileType = sourcecode.c.h; name = XYDataViewController.h; path = XYDatabaseDemo/Classes/Controller/XYDataViewController.h; sourceTree = SOURCE_ROOT; };
		177FE0C91CCE4E9A00B260CE /* XYDataViewController.m */ = {isa = PBXFileReference; fileEncoding = 4; lastKnownFileType = sourcecode.c.objc; name = XYDataViewController.m; path = XYDatabaseDemo/Classes/Controller/XYDataViewController.m; sourceTree = SOURCE_ROOT; };
		177FE0CD1CCE4EFC00B260CE /* libsqlite3.tbd */ = {isa = PBXFileReference; lastKnownFileType = "sourcecode.text-based-dylib-definition"; name = libsqlite3.tbd; path = usr/lib/libsqlite3.tbd; sourceTree = SDKROOT; };
		177FE0CF1CCE528A00B260CE /* XYDataModel.h */ = {isa = PBXFileReference; fileEncoding = 4; lastKnownFileType = sourcecode.c.h; name = XYDataModel.h; path = XYDatabaseDemo/Classes/Model/XYDataModel.h; sourceTree = SOURCE_ROOT; };
		177FE0D01CCE528A00B260CE /* XYDataModel.m */ = {isa = PBXFileReference; fileEncoding = 4; lastKnownFileType = sourcecode.c.objc; name = XYDataModel.m; path = XYDatabaseDemo/Classes/Model/XYDataModel.m; sourceTree = SOURCE_ROOT; };
		177FE0D21CCE52C000B260CE /* XYDataCell.h */ = {isa = PBXFileReference; fileEncoding = 4; lastKnownFileType = sourcecode.c.h; name = XYDataCell.h; path = XYDatabaseDemo/Classes/View/XYDataCell.h; sourceTree = SOURCE_ROOT; };
		177FE0D31CCE52C000B260CE /* XYDataCell.m */ = {isa = PBXFileReference; fileEncoding = 4; lastKnownFileType = sourcecode.c.objc; name = XYDataCell.m; path = XYDatabaseDemo/Classes/View/XYDataCell.m; sourceTree = SOURCE_ROOT; };
		177FE0D51CCE5E9D00B260CE /* XYUpdateController.h */ = {isa = PBXFileReference; fileEncoding = 4; lastKnownFileType = sourcecode.c.h; name = XYUpdateController.h; path = XYDatabaseDemo/Classes/Controller/XYUpdateController.h; sourceTree = SOURCE_ROOT; };
		177FE0D61CCE5E9D00B260CE /* XYUpdateController.m */ = {isa = PBXFileReference; fileEncoding = 4; lastKnownFileType = sourcecode.c.objc; name = XYUpdateController.m; path = XYDatabaseDemo/Classes/Controller/XYUpdateController.m; sourceTree = SOURCE_ROOT; };
		177FE0D81CCE6C7100B260CE /* XYSelectController.h */ = {isa = PBXFileReference; fileEncoding = 4; lastKnownFileType = sourcecode.c.h; name = XYSelectController.h; path = XYDatabaseDemo/Classes/Controller/XYSelectController.h; sourceTree = SOURCE_ROOT; };
		177FE0D91CCE6C7100B260CE /* XYSelectController.m */ = {isa = PBXFileReference; fileEncoding = 4; lastKnownFileType = sourcecode.c.objc; name = XYSelectController.m; path = XYDatabaseDemo/Classes/Controller/XYSelectController.m; sourceTree = SOURCE_ROOT; };
/* End PBXFileReference section */

/* Begin PBXFrameworksBuildPhase section */
		177FE05E1CCE3D7900B260CE /* Frameworks */ = {
			isa = PBXFrameworksBuildPhase;
			buildActionMask = 2147483647;
			files = (
				177FE0CE1CCE4EFC00B260CE /* libsqlite3.tbd in Frameworks */,
			);
			runOnlyForDeploymentPostprocessing = 0;
		};
/* End PBXFrameworksBuildPhase section */

/* Begin PBXGroup section */
		177FE0581CCE3D7900B260CE = {
			isa = PBXGroup;
			children = (
				177FE0CD1CCE4EFC00B260CE /* libsqlite3.tbd */,
				177FE0631CCE3D7900B260CE /* XYDatabaseDemo */,
				177FE0621CCE3D7900B260CE /* Products */,
			);
			sourceTree = "<group>";
		};
		177FE0621CCE3D7900B260CE /* Products */ = {
			isa = PBXGroup;
			children = (
				177FE0611CCE3D7900B260CE /* XYDatabaseDemo.app */,
			);
			name = Products;
			sourceTree = "<group>";
		};
		177FE0631CCE3D7900B260CE /* XYDatabaseDemo */ = {
			isa = PBXGroup;
			children = (
				177FE0BE1CCE4E1900B260CE /* Database */,
				177FE07F1CCE4D9500B260CE /* Classes */,
				177FE0671CCE3D7900B260CE /* AppDelegate.h */,
				177FE0681CCE3D7900B260CE /* AppDelegate.m */,
				177FE0701CCE3D7900B260CE /* Assets.xcassets */,
				177FE0721CCE3D7900B260CE /* LaunchScreen.storyboard */,
				177FE0751CCE3D7900B260CE /* Info.plist */,
				177FE0641CCE3D7900B260CE /* Supporting Files */,
			);
			path = XYDatabaseDemo;
			sourceTree = "<group>";
		};
		177FE0641CCE3D7900B260CE /* Supporting Files */ = {
			isa = PBXGroup;
			children = (
				177FE0651CCE3D7900B260CE /* main.m */,
			);
			name = "Supporting Files";
			sourceTree = "<group>";
		};
		177FE07F1CCE4D9500B260CE /* Classes */ = {
			isa = PBXGroup;
			children = (
				177FE0801CCE4D9500B260CE /* Controller */,
				177FE0811CCE4D9500B260CE /* Model */,
				177FE0821CCE4D9500B260CE /* View */,
			);
			name = Classes;
			path = Database/Classes;
			sourceTree = "<group>";
		};
		177FE0801CCE4D9500B260CE /* Controller */ = {
			isa = PBXGroup;
			children = (
				177FE0C81CCE4E9A00B260CE /* XYDataViewController.h */,
				177FE0C91CCE4E9A00B260CE /* XYDataViewController.m */,
				177FE0D51CCE5E9D00B260CE /* XYUpdateController.h */,
				177FE0D61CCE5E9D00B260CE /* XYUpdateController.m */,
				177FE0D81CCE6C7100B260CE /* XYSelectController.h */,
				177FE0D91CCE6C7100B260CE /* XYSelectController.m */,
			);
			path = Controller;
			sourceTree = "<group>";
		};
		177FE0811CCE4D9500B260CE /* Model */ = {
			isa = PBXGroup;
			children = (
				177FE0CF1CCE528A00B260CE /* XYDataModel.h */,
				177FE0D01CCE528A00B260CE /* XYDataModel.m */,
			);
			path = Model;
			sourceTree = "<group>";
		};
		177FE0821CCE4D9500B260CE /* View */ = {
			isa = PBXGroup;
			children = (
				177FE0D21CCE52C000B260CE /* XYDataCell.h */,
				177FE0D31CCE52C000B260CE /* XYDataCell.m */,
			);
			path = View;
			sourceTree = "<group>";
		};
		177FE0BE1CCE4E1900B260CE /* Database */ = {
			isa = PBXGroup;
			children = (
				177FE0BF1CCE4E1900B260CE /* XYDatabase.h */,
				177FE0C01CCE4E1900B260CE /* XYDatabase.m */,
				177FE0C11CCE4E1900B260CE /* XYDBManager.h */,
				177FE0C21CCE4E1900B260CE /* XYDBManager.m */,
			);
			path = Database;
			sourceTree = "<group>";
		};
/* End PBXGroup section */

/* Begin PBXNativeTarget section */
		177FE0601CCE3D7900B260CE /* XYDatabaseDemo */ = {
			isa = PBXNativeTarget;
			buildConfigurationList = 177FE0781CCE3D7900B260CE /* Build configuration list for PBXNativeTarget "XYDatabaseDemo" */;
			buildPhases = (
				177FE05D1CCE3D7900B260CE /* Sources */,
				177FE05E1CCE3D7900B260CE /* Frameworks */,
				177FE05F1CCE3D7900B260CE /* Resources */,
			);
			buildRules = (
			);
			dependencies = (
			);
			name = XYDatabaseDemo;
			productName = XYDatabaseDemo;
			productReference = 177FE0611CCE3D7900B260CE /* XYDatabaseDemo.app */;
			productType = "com.apple.product-type.application";
		};
/* End PBXNativeTarget section */

/* Begin PBXProject section */
		177FE0591CCE3D7900B260CE /* Project object */ = {
			isa = PBXProject;
			attributes = {
				CLASSPREFIX = XY;
				LastUpgradeCheck = 0730;
				ORGANIZATIONNAME = "夏雁博";
				TargetAttributes = {
					177FE0601CCE3D7900B260CE = {
						CreatedOnToolsVersion = 7.3;
					};
				};
			};
			buildConfigurationList = 177FE05C1CCE3D7900B260CE /* Build configuration list for PBXProject "XYDatabaseDemo" */;
			compatibilityVersion = "Xcode 3.2";
			developmentRegion = English;
			hasScannedForEncodings = 0;
			knownRegions = (
				en,
				Base,
			);
			mainGroup = 177FE0581CCE3D7900B260CE;
			productRefGroup = 177FE0621CCE3D7900B260CE /* Products */;
			projectDirPath = "";
			projectRoot = "";
			targets = (
				177FE0601CCE3D7900B260CE /* XYDatabaseDemo */,
			);
		};
/* End PBXProject section */

/* Begin PBXResourcesBuildPhase section */
		177FE05F1CCE3D7900B260CE /* Resources */ = {
			isa = PBXResourcesBuildPhase;
			buildActionMask = 2147483647;
			files = (
				177FE0741CCE3D7900B260CE /* LaunchScreen.storyboard in Resources */,
				177FE0711CCE3D7900B260CE /* Assets.xcassets in Resources */,
			);
			runOnlyForDeploymentPostprocessing = 0;
		};
/* End PBXResourcesBuildPhase section */

/* Begin PBXSourcesBuildPhase section */
		177FE05D1CCE3D7900B260CE /* Sources */ = {
			isa = PBXSourcesBuildPhase;
			buildActionMask = 2147483647;
			files = (
				177FE0C31CCE4E1900B260CE /* XYDatabase.m in Sources */,
				177FE0D41CCE52C000B260CE /* XYDataCell.m in Sources */,
				177FE0DA1CCE6C7100B260CE /* XYSelectController.m in Sources */,
				177FE0C41CCE4E1900B260CE /* XYDBManager.m in Sources */,
				177FE0D11CCE528A00B260CE /* XYDataModel.m in Sources */,
				177FE0CA1CCE4E9A00B260CE /* XYDataViewController.m in Sources */,
				177FE0691CCE3D7900B260CE /* AppDelegate.m in Sources */,
				177FE0661CCE3D7900B260CE /* main.m in Sources */,
				177FE0D71CCE5E9D00B260CE /* XYUpdateController.m in Sources */,
			);
			runOnlyForDeploymentPostprocessing = 0;
		};
/* End PBXSourcesBuildPhase section */

/* Begin PBXVariantGroup section */
		177FE0721CCE3D7900B260CE /* LaunchScreen.storyboard */ = {
			isa = PBXVariantGroup;
			children = (
				177FE0731CCE3D7900B260CE /* Base */,
			);
			name = LaunchScreen.storyboard;
			sourceTree = "<group>";
		};
/* End PBXVariantGroup section */

/* Begin XCBuildConfiguration section */
		177FE0761CCE3D7900B260CE /* Debug */ = {
			isa = XCBuildConfiguration;
			buildSettings = {
				ALWAYS_SEARCH_USER_PATHS = NO;
				CLANG_ANALYZER_NONNULL = YES;
				CLANG_CXX_LANGUAGE_STANDARD = "gnu++0x";
				CLANG_CXX_LIBRARY = "libc++";
				CLANG_ENABLE_MODULES = YES;
				CLANG_ENABLE_OBJC_ARC = YES;
				CLANG_WARN_BOOL_CONVERSION = YES;
				CLANG_WARN_CONSTANT_CONVERSION = YES;
				CLANG_WARN_DIRECT_OBJC_ISA_USAGE = YES_ERROR;
				CLANG_WARN_EMPTY_BODY = YES;
				CLANG_WARN_ENUM_CONVERSION = YES;
				CLANG_WARN_INT_CONVERSION = YES;
				CLANG_WARN_OBJC_ROOT_CLASS = YES_ERROR;
				CLANG_WARN_UNREACHABLE_CODE = YES;
				CLANG_WARN__DUPLICATE_METHOD_MATCH = YES;
				"CODE_SIGN_IDENTITY[sdk=iphoneos*]" = "iPhone Developer";
				COPY_PHASE_STRIP = NO;
				DEBUG_INFORMATION_FORMAT = dwarf;
				ENABLE_STRICT_OBJC_MSGSEND = YES;
				ENABLE_TESTABILITY = YES;
				GCC_C_LANGUAGE_STANDARD = gnu99;
				GCC_DYNAMIC_NO_PIC = NO;
				GCC_NO_COMMON_BLOCKS = YES;
				GCC_OPTIMIZATION_LEVEL = 0;
				GCC_PREPROCESSOR_DEFINITIONS = (
					"DEBUG=1",
					"$(inherited)",
				);
				GCC_WARN_64_TO_32_BIT_CONVERSION = YES;
				GCC_WARN_ABOUT_RETURN_TYPE = YES_ERROR;
				GCC_WARN_UNDECLARED_SELECTOR = YES;
				GCC_WARN_UNINITIALIZED_AUTOS = YES_AGGRESSIVE;
				GCC_WARN_UNUSED_FUNCTION = YES;
				GCC_WARN_UNUSED_VARIABLE = YES;
				IPHONEOS_DEPLOYMENT_TARGET = 9.3;
				MTL_ENABLE_DEBUG_INFO = YES;
				ONLY_ACTIVE_ARCH = YES;
				SDKROOT = iphoneos;
			};
			name = Debug;
		};
		177FE0771CCE3D7900B260CE /* Release */ = {
			isa = XCBuildConfiguration;
			buildSettings = {
				ALWAYS_SEARCH_USER_PATHS = NO;
				CLANG_ANALYZER_NONNULL = YES;
				CLANG_CXX_LANGUAGE_STANDARD = "gnu++0x";
				CLANG_CXX_LIBRARY = "libc++";
				CLANG_ENABLE_MODULES = YES;
				CLANG_ENABLE_OBJC_ARC = YES;
				CLANG_WARN_BOOL_CONVERSION = YES;
				CLANG_WARN_CONSTANT_CONVERSION = YES;
				CLANG_WARN_DIRECT_OBJC_ISA_USAGE = YES_ERROR;
				CLANG_WARN_EMPTY_BODY = YES;
				CLANG_WARN_ENUM_CONVERSION = YES;
				CLANG_WARN_INT_CONVERSION = YES;
				CLANG_WARN_OBJC_ROOT_CLASS = YES_ERROR;
				CLANG_WARN_UNREACHABLE_CODE = YES;
				CLANG_WARN__DUPLICATE_METHOD_MATCH = YES;
				"CODE_SIGN_IDENTITY[sdk=iphoneos*]" = "iPhone Developer";
				COPY_PHASE_STRIP = NO;
				DEBUG_INFORMATION_FORMAT = "dwarf-with-dsym";
				ENABLE_NS_ASSERTIONS = NO;
				ENABLE_STRICT_OBJC_MSGSEND = YES;
				GCC_C_LANGUAGE_STANDARD = gnu99;
				GCC_NO_COMMON_BLOCKS = YES;
				GCC_WARN_64_TO_32_BIT_CONVERSION = YES;
				GCC_WARN_ABOUT_RETURN_TYPE = YES_ERROR;
				GCC_WARN_UNDECLARED_SELECTOR = YES;
				GCC_WARN_UNINITIALIZED_AUTOS = YES_AGGRESSIVE;
				GCC_WARN_UNUSED_FUNCTION = YES;
				GCC_WARN_UNUSED_VARIABLE = YES;
				IPHONEOS_DEPLOYMENT_TARGET = 9.3;
				MTL_ENABLE_DEBUG_INFO = NO;
				SDKROOT = iphoneos;
				VALIDATE_PRODUCT = YES;
			};
			name = Release;
		};
		177FE0791CCE3D7900B260CE /* Debug */ = {
			isa = XCBuildConfiguration;
			buildSettings = {
				ASSETCATALOG_COMPILER_APPICON_NAME = AppIcon;
				INFOPLIST_FILE = XYDatabaseDemo/Info.plist;
				LD_RUNPATH_SEARCH_PATHS = "$(inherited) @executable_path/Frameworks";
				PRODUCT_BUNDLE_IDENTIFIER = com.Xia.XYDatabase;
				PRODUCT_NAME = "$(TARGET_NAME)";
			};
			name = Debug;
		};
		177FE07A1CCE3D7900B260CE /* Release */ = {
			isa = XCBuildConfiguration;
			buildSettings = {
				ASSETCATALOG_COMPILER_APPICON_NAME = AppIcon;
				INFOPLIST_FILE = XYDatabaseDemo/Info.plist;
				LD_RUNPATH_SEARCH_PATHS = "$(inherited) @executable_path/Frameworks";
				PRODUCT_BUNDLE_IDENTIFIER = com.Xia.XYDatabase;
				PRODUCT_NAME = "$(TARGET_NAME)";
			};
			name = Release;
		};
/* End XCBuildConfiguration section */

/* Begin XCConfigurationList section */
		177FE05C1CCE3D7900B260CE /* Build configuration list for PBXProject "XYDatabaseDemo" */ = {
			isa = XCConfigurationList;
			buildConfigurations = (
				177FE0761CCE3D7900B260CE /* Debug */,
				177FE0771CCE3D7900B260CE /* Release */,
			);
			defaultConfigurationIsVisible = 0;
			defaultConfigurationName = Release;
		};
		177FE0781CCE3D7900B260CE /* Build configuration list for PBXNativeTarget "XYDatabaseDemo" */ = {
			isa = XCConfigurationList;
			buildConfigurations = (
				177FE0791CCE3D7900B260CE /* Debug */,
				177FE07A1CCE3D7900B260CE /* Release */,
			);
			defaultConfigurationIsVisible = 0;
		};
/* End XCConfigurationList section */
	};
	rootObject = 177FE0591CCE3D7900B260CE /* Project object */;
}
